
Microsoft Visual Studio Solution File, Format Version 12.00
# Visual Studio 15
VisualStudioVersion = 15.0.28307.852
MinimumVisualStudioVersion = 10.0.40219.1
Project("{FAE04EC0-301F-11D3-BF4B-00C04F79EFBC}") = "WindowsDevelopment-CQ17-31-MultimediaPlayer", "WindowsDevelopment-CQ17-31-MultimediaPlayer\WindowsDevelopment-CQ17-31-MultimediaPlayer.csproj", "{EF8F450D-FB90-47FA-B59A-618539342955}"
EndProject
Global
	GlobalSection(SolutionConfigurationPlatforms) = preSolution
		Debug|Any CPU = Debug|Any CPU
		Release|Any CPU = Release|Any CPU
	EndGlobalSection
	GlobalSection(ProjectConfigurationPlatforms) = postSolution
		{EF8F450D-FB90-47FA-B59A-618539342955}.Debug|Any CPU.ActiveCfg = Debug|Any CPU
		{EF8F450D-FB90-47FA-B59A-618539342955}.Debug|Any CPU.Build.0 = Debug|Any CPU
		{EF8F450D-FB90-47FA-B59A-618539342955}.Release|Any CPU.ActiveCfg = Release|Any CPU
		{EF8F450D-FB90-47FA-B59A-618539342955}.Release|Any CPU.Build.0 = Release|Any CPU
	EndGlobalSection
	GlobalSection(SolutionProperties) = preSolution
		HideSolutionNode = FALSE
	EndGlobalSection
	GlobalSection(ExtensibilityGlobals) = postSolution
		SolutionGuid = {4E876C9D-ED6C-4206-878D-1FAC36D54A76}
	EndGlobalSection
EndGlobal
